// !$*UTF8*$!
{
	archiveVersion = 1;
	classes = {
	};
	objectVersion = 56;
	objects = {

/* Begin PBXBuildFile section */
		1E39BBA02A2CB64000E14AB7 /* Extension+Contraints.swift in Sources */ = {isa = PBXBuildFile; fileRef = 1E39BB9F2A2CB64000E14AB7 /* Extension+Contraints.swift */; };
		1E39BBAF2A2E231400E14AB7 /* ActionMoviesTableViewCell.swift in Sources */ = {isa = PBXBuildFile; fileRef = 1E39BBAE2A2E231400E14AB7 /* ActionMoviesTableViewCell.swift */; };
		1E39BBB12A2E25AF00E14AB7 /* ActionMoviesCollectionViewCell.swift in Sources */ = {isa = PBXBuildFile; fileRef = 1E39BBB02A2E25AF00E14AB7 /* ActionMoviesCollectionViewCell.swift */; };
		1E39BBC32A2EBCD500E14AB7 /* Extension+UIImage.swift in Sources */ = {isa = PBXBuildFile; fileRef = 1E39BBC22A2EBCD500E14AB7 /* Extension+UIImage.swift */; };
		1E627BB22A25778F00646FDA /* AppDelegate.swift in Sources */ = {isa = PBXBuildFile; fileRef = 1E627BB12A25778F00646FDA /* AppDelegate.swift */; };
		1E627BB62A25778F00646FDA /* HomeViewController.swift in Sources */ = {isa = PBXBuildFile; fileRef = 1E627BB52A25778F00646FDA /* HomeViewController.swift */; };
		1E627BBB2A25779A00646FDA /* Assets.xcassets in Resources */ = {isa = PBXBuildFile; fileRef = 1E627BBA2A25779A00646FDA /* Assets.xcassets */; };
		1E627BBE2A25779A00646FDA /* LaunchScreen.storyboard in Resources */ = {isa = PBXBuildFile; fileRef = 1E627BBC2A25779A00646FDA /* LaunchScreen.storyboard */; };
		1E627BD52A2834A400646FDA /* LoginViewController.swift in Sources */ = {isa = PBXBuildFile; fileRef = 1E627BD42A2834A400646FDA /* LoginViewController.swift */; };
		1E7976252A2BC4FA00160199 /* RegisterViewController.swift in Sources */ = {isa = PBXBuildFile; fileRef = 1E7976242A2BC4F900160199 /* RegisterViewController.swift */; };
		1E9834CF2A2FD089009E4CC6 /* LoginViewModel.swift in Sources */ = {isa = PBXBuildFile; fileRef = 1E9834CE2A2FD089009E4CC6 /* LoginViewModel.swift */; };
		1E9834D22A2FDA93009E4CC6 /* ViewCodeType.swift in Sources */ = {isa = PBXBuildFile; fileRef = 1E9834D12A2FDA93009E4CC6 /* ViewCodeType.swift */; };
		1EB581462A36186D00C26F70 /* UIView+AutoLayout.swift in Sources */ = {isa = PBXBuildFile; fileRef = 1EB581452A36186D00C26F70 /* UIView+AutoLayout.swift */; };
		1EB581492A361DF300C26F70 /* AppCoordinator.swift in Sources */ = {isa = PBXBuildFile; fileRef = 1EB581482A361DF300C26F70 /* AppCoordinator.swift */; };
		1EB5814C2A3623BD00C26F70 /* LoginCoordinator.swift in Sources */ = {isa = PBXBuildFile; fileRef = 1EB5814B2A3623BD00C26F70 /* LoginCoordinator.swift */; };
		1EB581532A37602E00C26F70 /* RegisterViewModel.swift in Sources */ = {isa = PBXBuildFile; fileRef = 1EB581522A37602E00C26F70 /* RegisterViewModel.swift */; };
		1EB581562A376AFF00C26F70 /* HomeCoordinator.swift in Sources */ = {isa = PBXBuildFile; fileRef = 1EB581552A376AFF00C26F70 /* HomeCoordinator.swift */; };
		1EB581592A376C4000C26F70 /* HomeViewModel.swift in Sources */ = {isa = PBXBuildFile; fileRef = 1EB581582A376C4000C26F70 /* HomeViewModel.swift */; };
		F31B3E6B46689BB75BE7301F /* Pods_MovieApp.framework in Frameworks */ = {isa = PBXBuildFile; fileRef = 26A89253F6984C08562DFE6F /* Pods_MovieApp.framework */; };
/* End PBXBuildFile section */

/* Begin PBXFileReference section */
		1E39BB9F2A2CB64000E14AB7 /* Extension+Contraints.swift */ = {isa = PBXFileReference; lastKnownFileType = sourcecode.swift; path = "Extension+Contraints.swift"; sourceTree = "<group>"; };
		1E39BBAE2A2E231400E14AB7 /* ActionMoviesTableViewCell.swift */ = {isa = PBXFileReference; lastKnownFileType = sourcecode.swift; path = ActionMoviesTableViewCell.swift; sourceTree = "<group>"; };
		1E39BBB02A2E25AF00E14AB7 /* ActionMoviesCollectionViewCell.swift */ = {isa = PBXFileReference; lastKnownFileType = sourcecode.swift; path = ActionMoviesCollectionViewCell.swift; sourceTree = "<group>"; };
		1E39BBC22A2EBCD500E14AB7 /* Extension+UIImage.swift */ = {isa = PBXFileReference; lastKnownFileType = sourcecode.swift; path = "Extension+UIImage.swift"; sourceTree = "<group>"; };
		1E627BAE2A25778F00646FDA /* MovieApp.app */ = {isa = PBXFileReference; explicitFileType = wrapper.application; includeInIndex = 0; path = MovieApp.app; sourceTree = BUILT_PRODUCTS_DIR; };
		1E627BB12A25778F00646FDA /* AppDelegate.swift */ = {isa = PBXFileReference; lastKnownFileType = sourcecode.swift; path = AppDelegate.swift; sourceTree = "<group>"; };
		1E627BB52A25778F00646FDA /* HomeViewController.swift */ = {isa = PBXFileReference; lastKnownFileType = sourcecode.swift; path = HomeViewController.swift; sourceTree = "<group>"; };
		1E627BBA2A25779A00646FDA /* Assets.xcassets */ = {isa = PBXFileReference; lastKnownFileType = folder.assetcatalog; path = Assets.xcassets; sourceTree = "<group>"; };
		1E627BBD2A25779A00646FDA /* Base */ = {isa = PBXFileReference; lastKnownFileType = file.storyboard; name = Base; path = Base.lproj/LaunchScreen.storyboard; sourceTree = "<group>"; };
		1E627BBF2A25779A00646FDA /* Info.plist */ = {isa = PBXFileReference; lastKnownFileType = text.plist.xml; path = Info.plist; sourceTree = "<group>"; };
		1E627BD42A2834A400646FDA /* LoginViewController.swift */ = {isa = PBXFileReference; lastKnownFileType = sourcecode.swift; path = LoginViewController.swift; sourceTree = "<group>"; };
		1E7976242A2BC4F900160199 /* RegisterViewController.swift */ = {isa = PBXFileReference; lastKnownFileType = sourcecode.swift; path = RegisterViewController.swift; sourceTree = "<group>"; };
		1E9834CE2A2FD089009E4CC6 /* LoginViewModel.swift */ = {isa = PBXFileReference; lastKnownFileType = sourcecode.swift; path = LoginViewModel.swift; sourceTree = "<group>"; };
		1E9834D12A2FDA93009E4CC6 /* ViewCodeType.swift */ = {isa = PBXFileReference; lastKnownFileType = sourcecode.swift; path = ViewCodeType.swift; sourceTree = "<group>"; };
		1EB581452A36186D00C26F70 /* UIView+AutoLayout.swift */ = {isa = PBXFileReference; lastKnownFileType = sourcecode.swift; path = "UIView+AutoLayout.swift"; sourceTree = "<group>"; };
		1EB581482A361DF300C26F70 /* AppCoordinator.swift */ = {isa = PBXFileReference; lastKnownFileType = sourcecode.swift; path = AppCoordinator.swift; sourceTree = "<group>"; };
		1EB5814B2A3623BD00C26F70 /* LoginCoordinator.swift */ = {isa = PBXFileReference; lastKnownFileType = sourcecode.swift; path = LoginCoordinator.swift; sourceTree = "<group>"; };
		1EB581522A37602E00C26F70 /* RegisterViewModel.swift */ = {isa = PBXFileReference; lastKnownFileType = sourcecode.swift; path = RegisterViewModel.swift; sourceTree = "<group>"; };
		1EB581552A376AFF00C26F70 /* HomeCoordinator.swift */ = {isa = PBXFileReference; lastKnownFileType = sourcecode.swift; path = HomeCoordinator.swift; sourceTree = "<group>"; };
		1EB581582A376C4000C26F70 /* HomeViewModel.swift */ = {isa = PBXFileReference; lastKnownFileType = sourcecode.swift; path = HomeViewModel.swift; sourceTree = "<group>"; };
		26A89253F6984C08562DFE6F /* Pods_MovieApp.framework */ = {isa = PBXFileReference; explicitFileType = wrapper.framework; includeInIndex = 0; path = Pods_MovieApp.framework; sourceTree = BUILT_PRODUCTS_DIR; };
		587F15E1DD307D9966535F1D /* Pods-MovieApp.debug.xcconfig */ = {isa = PBXFileReference; includeInIndex = 1; lastKnownFileType = text.xcconfig; name = "Pods-MovieApp.debug.xcconfig"; path = "Target Support Files/Pods-MovieApp/Pods-MovieApp.debug.xcconfig"; sourceTree = "<group>"; };
		C3B7B3E14D3D8733F8DF24DD /* Pods-MovieApp.release.xcconfig */ = {isa = PBXFileReference; includeInIndex = 1; lastKnownFileType = text.xcconfig; name = "Pods-MovieApp.release.xcconfig"; path = "Target Support Files/Pods-MovieApp/Pods-MovieApp.release.xcconfig"; sourceTree = "<group>"; };
/* End PBXFileReference section */

/* Begin PBXFrameworksBuildPhase section */
		1E627BAB2A25778F00646FDA /* Frameworks */ = {
			isa = PBXFrameworksBuildPhase;
			buildActionMask = 2147483647;
			files = (
				F31B3E6B46689BB75BE7301F /* Pods_MovieApp.framework in Frameworks */,
			);
			runOnlyForDeploymentPostprocessing = 0;
		};
/* End PBXFrameworksBuildPhase section */

/* Begin PBXGroup section */
		1E39BB9E2A2CB60F00E14AB7 /* Extensions */ = {
			isa = PBXGroup;
			children = (
				1E39BB9F2A2CB64000E14AB7 /* Extension+Contraints.swift */,
				1E39BBC22A2EBCD500E14AB7 /* Extension+UIImage.swift */,
			);
			path = Extensions;
			sourceTree = "<group>";
		};
		1E39BBA32A2E216700E14AB7 /* GenreMovies */ = {
			isa = PBXGroup;
			children = (
				1E39BBA42A2E21C800E14AB7 /* ActionMovies */,
			);
			path = GenreMovies;
			sourceTree = "<group>";
		};
		1E39BBA42A2E21C800E14AB7 /* ActionMovies */ = {
			isa = PBXGroup;
			children = (
				1E39BBBB2A2E90E200E14AB7 /* Service */,
				1E627BC82A258D0800646FDA /* Model */,
				1E39BBBA2A2E90CA00E14AB7 /* ViewModel */,
				1E39BBB92A2E900800E14AB7 /* View */,
			);
			path = ActionMovies;
			sourceTree = "<group>";
		};
		1E39BBB42A2E86C600E14AB7 /* View */ = {
			isa = PBXGroup;
			children = (
				1E627BD42A2834A400646FDA /* LoginViewController.swift */,
			);
			path = View;
			sourceTree = "<group>";
		};
		1E39BBB52A2E86D700E14AB7 /* ViewModel */ = {
			isa = PBXGroup;
			children = (
				1E9834CE2A2FD089009E4CC6 /* LoginViewModel.swift */,
			);
			path = ViewModel;
			sourceTree = "<group>";
		};
		1E39BBB62A2E86E300E14AB7 /* Model */ = {
			isa = PBXGroup;
			children = (
			);
			path = Model;
			sourceTree = "<group>";
		};
		1E39BBB72A2E87BE00E14AB7 /* View */ = {
			isa = PBXGroup;
			children = (
				1E627BB52A25778F00646FDA /* HomeViewController.swift */,
			);
			path = View;
			sourceTree = "<group>";
		};
		1E39BBB82A2E87EA00E14AB7 /* View */ = {
			isa = PBXGroup;
			children = (
				1E7976242A2BC4F900160199 /* RegisterViewController.swift */,
			);
			path = View;
			sourceTree = "<group>";
		};
		1E39BBB92A2E900800E14AB7 /* View */ = {
			isa = PBXGroup;
			children = (
				1E39BBAE2A2E231400E14AB7 /* ActionMoviesTableViewCell.swift */,
				1E39BBB02A2E25AF00E14AB7 /* ActionMoviesCollectionViewCell.swift */,
			);
			path = View;
			sourceTree = "<group>";
		};
		1E39BBBA2A2E90CA00E14AB7 /* ViewModel */ = {
			isa = PBXGroup;
			children = (
			);
			path = ViewModel;
			sourceTree = "<group>";
		};
		1E39BBBB2A2E90E200E14AB7 /* Service */ = {
			isa = PBXGroup;
			children = (
			);
			path = Service;
			sourceTree = "<group>";
		};
		1E627BA52A25778F00646FDA = {
			isa = PBXGroup;
			children = (
				1E627BB02A25778F00646FDA /* MovieApp */,
				1E627BAF2A25778F00646FDA /* Products */,
				5FD3D6600515DE7EB42BE9E2 /* Pods */,
				9717D07CF6812BF6B1978763 /* Frameworks */,
			);
			sourceTree = "<group>";
		};
		1E627BAF2A25778F00646FDA /* Products */ = {
			isa = PBXGroup;
			children = (
				1E627BAE2A25778F00646FDA /* MovieApp.app */,
			);
			name = Products;
			sourceTree = "<group>";
		};
		1E627BB02A25778F00646FDA /* MovieApp */ = {
			isa = PBXGroup;
			children = (
				1EB581472A361DC600C26F70 /* AppCoordinator */,
				1E9834D02A2FDA7B009E4CC6 /* Common */,
				1E39BB9E2A2CB60F00E14AB7 /* Extensions */,
				1E627BD12A28344F00646FDA /* Login */,
				1E7976232A2BC4D600160199 /* Register */,
				1E627BC52A25789200646FDA /* Home */,
				1E627BB12A25778F00646FDA /* AppDelegate.swift */,
				1E627BBA2A25779A00646FDA /* Assets.xcassets */,
				1E627BBC2A25779A00646FDA /* LaunchScreen.storyboard */,
				1E627BBF2A25779A00646FDA /* Info.plist */,
			);
			path = MovieApp;
			sourceTree = "<group>";
		};
		1E627BC52A25789200646FDA /* Home */ = {
			isa = PBXGroup;
			children = (
				1EB581542A376ADF00C26F70 /* Coordinator */,
				1EB581572A376C2300C26F70 /* ViewModel */,
				1E39BBB72A2E87BE00E14AB7 /* View */,
				1E39BBA32A2E216700E14AB7 /* GenreMovies */,
			);
			path = Home;
			sourceTree = "<group>";
		};
		1E627BC82A258D0800646FDA /* Model */ = {
			isa = PBXGroup;
			children = (
			);
			path = Model;
			sourceTree = "<group>";
		};
		1E627BD12A28344F00646FDA /* Login */ = {
			isa = PBXGroup;
			children = (
				1EB5814A2A36237000C26F70 /* Coordinator */,
				1E39BBB62A2E86E300E14AB7 /* Model */,
				1E39BBB52A2E86D700E14AB7 /* ViewModel */,
				1E39BBB42A2E86C600E14AB7 /* View */,
			);
			path = Login;
			sourceTree = "<group>";
		};
		1E7976232A2BC4D600160199 /* Register */ = {
			isa = PBXGroup;
			children = (
				1EB581502A37600000C26F70 /* ViewModel */,
				1E39BBB82A2E87EA00E14AB7 /* View */,
			);
			path = Register;
			sourceTree = "<group>";
		};
		1E9834D02A2FDA7B009E4CC6 /* Common */ = {
			isa = PBXGroup;
			children = (
				1EB581412A36180500C26F70 /* ViewCodeProtocol */,
				1EB581442A36184400C26F70 /* Extension */,
			);
			path = Common;
			sourceTree = "<group>";
		};
		1EB581412A36180500C26F70 /* ViewCodeProtocol */ = {
			isa = PBXGroup;
			children = (
				1E9834D12A2FDA93009E4CC6 /* ViewCodeType.swift */,
			);
			path = ViewCodeProtocol;
			sourceTree = "<group>";
		};
		1EB581442A36184400C26F70 /* Extension */ = {
			isa = PBXGroup;
			children = (
				1EB581452A36186D00C26F70 /* UIView+AutoLayout.swift */,
			);
			path = Extension;
			sourceTree = "<group>";
		};
		1EB581472A361DC600C26F70 /* AppCoordinator */ = {
			isa = PBXGroup;
			children = (
				1EB581482A361DF300C26F70 /* AppCoordinator.swift */,
			);
			path = AppCoordinator;
			sourceTree = "<group>";
		};
		1EB5814A2A36237000C26F70 /* Coordinator */ = {
			isa = PBXGroup;
			children = (
				1EB5814B2A3623BD00C26F70 /* LoginCoordinator.swift */,
			);
			path = Coordinator;
			sourceTree = "<group>";
		};
		1EB581502A37600000C26F70 /* ViewModel */ = {
			isa = PBXGroup;
			children = (
				1EB581522A37602E00C26F70 /* RegisterViewModel.swift */,
			);
			path = ViewModel;
			sourceTree = "<group>";
		};
		1EB581542A376ADF00C26F70 /* Coordinator */ = {
			isa = PBXGroup;
			children = (
				1EB581552A376AFF00C26F70 /* HomeCoordinator.swift */,
			);
			path = Coordinator;
			sourceTree = "<group>";
		};
		1EB581572A376C2300C26F70 /* ViewModel */ = {
			isa = PBXGroup;
			children = (
				1EB581582A376C4000C26F70 /* HomeViewModel.swift */,
			);
			path = ViewModel;
			sourceTree = "<group>";
		};
		5FD3D6600515DE7EB42BE9E2 /* Pods */ = {
			isa = PBXGroup;
			children = (
				587F15E1DD307D9966535F1D /* Pods-MovieApp.debug.xcconfig */,
				C3B7B3E14D3D8733F8DF24DD /* Pods-MovieApp.release.xcconfig */,
			);
			path = Pods;
			sourceTree = "<group>";
		};
		9717D07CF6812BF6B1978763 /* Frameworks */ = {
			isa = PBXGroup;
			children = (
				26A89253F6984C08562DFE6F /* Pods_MovieApp.framework */,
			);
			name = Frameworks;
			sourceTree = "<group>";
		};
/* End PBXGroup section */

/* Begin PBXNativeTarget section */
		1E627BAD2A25778F00646FDA /* MovieApp */ = {
			isa = PBXNativeTarget;
			buildConfigurationList = 1E627BC22A25779A00646FDA /* Build configuration list for PBXNativeTarget "MovieApp" */;
			buildPhases = (
				87C035061664134B2494A5AC /* [CP] Check Pods Manifest.lock */,
				1E627BAA2A25778F00646FDA /* Sources */,
				1E627BAB2A25778F00646FDA /* Frameworks */,
				1E627BAC2A25778F00646FDA /* Resources */,
				D584DD7F70304BBC60BEAFB0 /* [CP] Embed Pods Frameworks */,
			);
			buildRules = (
			);
			dependencies = (
			);
			name = MovieApp;
			productName = MovieApp;
			productReference = 1E627BAE2A25778F00646FDA /* MovieApp.app */;
			productType = "com.apple.product-type.application";
		};
/* End PBXNativeTarget section */

/* Begin PBXProject section */
		1E627BA62A25778F00646FDA /* Project object */ = {
			isa = PBXProject;
			attributes = {
				BuildIndependentTargetsInParallel = 1;
				LastSwiftUpdateCheck = 1420;
				LastUpgradeCheck = 1420;
				TargetAttributes = {
					1E627BAD2A25778F00646FDA = {
						CreatedOnToolsVersion = 14.2;
					};
				};
			};
			buildConfigurationList = 1E627BA92A25778F00646FDA /* Build configuration list for PBXProject "MovieApp" */;
			compatibilityVersion = "Xcode 14.0";
			developmentRegion = en;
			hasScannedForEncodings = 0;
			knownRegions = (
				en,
				Base,
			);
			mainGroup = 1E627BA52A25778F00646FDA;
			productRefGroup = 1E627BAF2A25778F00646FDA /* Products */;
			projectDirPath = "";
			projectRoot = "";
			targets = (
				1E627BAD2A25778F00646FDA /* MovieApp */,
			);
		};
/* End PBXProject section */

/* Begin PBXResourcesBuildPhase section */
		1E627BAC2A25778F00646FDA /* Resources */ = {
			isa = PBXResourcesBuildPhase;
			buildActionMask = 2147483647;
			files = (
				1E627BBE2A25779A00646FDA /* LaunchScreen.storyboard in Resources */,
				1E627BBB2A25779A00646FDA /* Assets.xcassets in Resources */,
			);
			runOnlyForDeploymentPostprocessing = 0;
		};
/* End PBXResourcesBuildPhase section */

/* Begin PBXShellScriptBuildPhase section */
		87C035061664134B2494A5AC /* [CP] Check Pods Manifest.lock */ = {
			isa = PBXShellScriptBuildPhase;
			buildActionMask = 2147483647;
			files = (
			);
			inputFileListPaths = (
			);
			inputPaths = (
				"${PODS_PODFILE_DIR_PATH}/Podfile.lock",
				"${PODS_ROOT}/Manifest.lock",
			);
			name = "[CP] Check Pods Manifest.lock";
			outputFileListPaths = (
			);
			outputPaths = (
				"$(DERIVED_FILE_DIR)/Pods-MovieApp-checkManifestLockResult.txt",
			);
			runOnlyForDeploymentPostprocessing = 0;
			shellPath = /bin/sh;
			shellScript = "diff \"${PODS_PODFILE_DIR_PATH}/Podfile.lock\" \"${PODS_ROOT}/Manifest.lock\" > /dev/null\nif [ $? != 0 ] ; then\n    # print error to STDERR\n    echo \"error: The sandbox is not in sync with the Podfile.lock. Run 'pod install' or update your CocoaPods installation.\" >&2\n    exit 1\nfi\n# This output is used by Xcode 'outputs' to avoid re-running this script phase.\necho \"SUCCESS\" > \"${SCRIPT_OUTPUT_FILE_0}\"\n";
			showEnvVarsInLog = 0;
		};
		D584DD7F70304BBC60BEAFB0 /* [CP] Embed Pods Frameworks */ = {
			isa = PBXShellScriptBuildPhase;
			buildActionMask = 2147483647;
			files = (
			);
			inputFileListPaths = (
				"${PODS_ROOT}/Target Support Files/Pods-MovieApp/Pods-MovieApp-frameworks-${CONFIGURATION}-input-files.xcfilelist",
			);
			name = "[CP] Embed Pods Frameworks";
			outputFileListPaths = (
				"${PODS_ROOT}/Target Support Files/Pods-MovieApp/Pods-MovieApp-frameworks-${CONFIGURATION}-output-files.xcfilelist",
			);
			runOnlyForDeploymentPostprocessing = 0;
			shellPath = /bin/sh;
			shellScript = "\"${PODS_ROOT}/Target Support Files/Pods-MovieApp/Pods-MovieApp-frameworks.sh\"\n";
			showEnvVarsInLog = 0;
		};
/* End PBXShellScriptBuildPhase section */

/* Begin PBXSourcesBuildPhase section */
		1E627BAA2A25778F00646FDA /* Sources */ = {
			isa = PBXSourcesBuildPhase;
			buildActionMask = 2147483647;
			files = (
				1EB581592A376C4000C26F70 /* HomeViewModel.swift in Sources */,
				1E627BD52A2834A400646FDA /* LoginViewController.swift in Sources */,
				1E39BBAF2A2E231400E14AB7 /* ActionMoviesTableViewCell.swift in Sources */,
				1EB5814C2A3623BD00C26F70 /* LoginCoordinator.swift in Sources */,
				1EB581562A376AFF00C26F70 /* HomeCoordinator.swift in Sources */,
				1EB581532A37602E00C26F70 /* RegisterViewModel.swift in Sources */,
				1E9834D22A2FDA93009E4CC6 /* ViewCodeType.swift in Sources */,
				1E627BB62A25778F00646FDA /* HomeViewController.swift in Sources */,
				1E9834CF2A2FD089009E4CC6 /* LoginViewModel.swift in Sources */,
				1EB581492A361DF300C26F70 /* AppCoordinator.swift in Sources */,
				1E7976252A2BC4FA00160199 /* RegisterViewController.swift in Sources */,
				1EB581462A36186D00C26F70 /* UIView+AutoLayout.swift in Sources */,
				1E627BB22A25778F00646FDA /* AppDelegate.swift in Sources */,
				1E39BBA02A2CB64000E14AB7 /* Extension+Contraints.swift in Sources */,
				1E39BBC32A2EBCD500E14AB7 /* Extension+UIImage.swift in Sources */,
				1E39BBB12A2E25AF00E14AB7 /* ActionMoviesCollectionViewCell.swift in Sources */,
			);
			runOnlyForDeploymentPostprocessing = 0;
		};
/* End PBXSourcesBuildPhase section */

/* Begin PBXVariantGroup section */
		1E627BBC2A25779A00646FDA /* LaunchScreen.storyboard */ = {
			isa = PBXVariantGroup;
			children = (
				1E627BBD2A25779A00646FDA /* Base */,
			);
			name = LaunchScreen.storyboard;
			sourceTree = "<group>";
		};
/* End PBXVariantGroup section */

/* Begin XCBuildConfiguration section */
		1E627BC02A25779A00646FDA /* Debug */ = {
			isa = XCBuildConfiguration;
			buildSettings = {
				ALWAYS_SEARCH_USER_PATHS = NO;
				CLANG_ANALYZER_NONNULL = YES;
				CLANG_ANALYZER_NUMBER_OBJECT_CONVERSION = YES_AGGRESSIVE;
				CLANG_CXX_LANGUAGE_STANDARD = "gnu++20";
				CLANG_ENABLE_MODULES = YES;
				CLANG_ENABLE_OBJC_ARC = YES;
				CLANG_ENABLE_OBJC_WEAK = YES;
				CLANG_WARN_BLOCK_CAPTURE_AUTORELEASING = YES;
				CLANG_WARN_BOOL_CONVERSION = YES;
				CLANG_WARN_COMMA = YES;
				CLANG_WARN_CONSTANT_CONVERSION = YES;
				CLANG_WARN_DEPRECATED_OBJC_IMPLEMENTATIONS = YES;
				CLANG_WARN_DIRECT_OBJC_ISA_USAGE = YES_ERROR;
				CLANG_WARN_DOCUMENTATION_COMMENTS = YES;
				CLANG_WARN_EMPTY_BODY = YES;
				CLANG_WARN_ENUM_CONVERSION = YES;
				CLANG_WARN_INFINITE_RECURSION = YES;
				CLANG_WARN_INT_CONVERSION = YES;
				CLANG_WARN_NON_LITERAL_NULL_CONVERSION = YES;
				CLANG_WARN_OBJC_IMPLICIT_RETAIN_SELF = YES;
				CLANG_WARN_OBJC_LITERAL_CONVERSION = YES;
				CLANG_WARN_OBJC_ROOT_CLASS = YES_ERROR;
				CLANG_WARN_QUOTED_INCLUDE_IN_FRAMEWORK_HEADER = YES;
				CLANG_WARN_RANGE_LOOP_ANALYSIS = YES;
				CLANG_WARN_STRICT_PROTOTYPES = YES;
				CLANG_WARN_SUSPICIOUS_MOVE = YES;
				CLANG_WARN_UNGUARDED_AVAILABILITY = YES_AGGRESSIVE;
				CLANG_WARN_UNREACHABLE_CODE = YES;
				CLANG_WARN__DUPLICATE_METHOD_MATCH = YES;
				COPY_PHASE_STRIP = NO;
				DEBUG_INFORMATION_FORMAT = dwarf;
				ENABLE_STRICT_OBJC_MSGSEND = YES;
				ENABLE_TESTABILITY = YES;
				GCC_C_LANGUAGE_STANDARD = gnu11;
				GCC_DYNAMIC_NO_PIC = NO;
				GCC_NO_COMMON_BLOCKS = YES;
				GCC_OPTIMIZATION_LEVEL = 0;
				GCC_PREPROCESSOR_DEFINITIONS = (
					"DEBUG=1",
					"$(inherited)",
				);
				GCC_WARN_64_TO_32_BIT_CONVERSION = YES;
				GCC_WARN_ABOUT_RETURN_TYPE = YES_ERROR;
				GCC_WARN_UNDECLARED_SELECTOR = YES;
				GCC_WARN_UNINITIALIZED_AUTOS = YES_AGGRESSIVE;
				GCC_WARN_UNUSED_FUNCTION = YES;
				GCC_WARN_UNUSED_VARIABLE = YES;
				IPHONEOS_DEPLOYMENT_TARGET = 16.2;
				MTL_ENABLE_DEBUG_INFO = INCLUDE_SOURCE;
				MTL_FAST_MATH = YES;
				ONLY_ACTIVE_ARCH = YES;
				SDKROOT = iphoneos;
				SWIFT_ACTIVE_COMPILATION_CONDITIONS = DEBUG;
				SWIFT_OPTIMIZATION_LEVEL = "-Onone";
			};
			name = Debug;
		};
		1E627BC12A25779A00646FDA /* Release */ = {
			isa = XCBuildConfiguration;
			buildSettings = {
				ALWAYS_SEARCH_USER_PATHS = NO;
				CLANG_ANALYZER_NONNULL = YES;
				CLANG_ANALYZER_NUMBER_OBJECT_CONVERSION = YES_AGGRESSIVE;
				CLANG_CXX_LANGUAGE_STANDARD = "gnu++20";
				CLANG_ENABLE_MODULES = YES;
				CLANG_ENABLE_OBJC_ARC = YES;
				CLANG_ENABLE_OBJC_WEAK = YES;
				CLANG_WARN_BLOCK_CAPTURE_AUTORELEASING = YES;
				CLANG_WARN_BOOL_CONVERSION = YES;
				CLANG_WARN_COMMA = YES;
				CLANG_WARN_CONSTANT_CONVERSION = YES;
				CLANG_WARN_DEPRECATED_OBJC_IMPLEMENTATIONS = YES;
				CLANG_WARN_DIRECT_OBJC_ISA_USAGE = YES_ERROR;
				CLANG_WARN_DOCUMENTATION_COMMENTS = YES;
				CLANG_WARN_EMPTY_BODY = YES;
				CLANG_WARN_ENUM_CONVERSION = YES;
				CLANG_WARN_INFINITE_RECURSION = YES;
				CLANG_WARN_INT_CONVERSION = YES;
				CLANG_WARN_NON_LITERAL_NULL_CONVERSION = YES;
				CLANG_WARN_OBJC_IMPLICIT_RETAIN_SELF = YES;
				CLANG_WARN_OBJC_LITERAL_CONVERSION = YES;
				CLANG_WARN_OBJC_ROOT_CLASS = YES_ERROR;
				CLANG_WARN_QUOTED_INCLUDE_IN_FRAMEWORK_HEADER = YES;
				CLANG_WARN_RANGE_LOOP_ANALYSIS = YES;
				CLANG_WARN_STRICT_PROTOTYPES = YES;
				CLANG_WARN_SUSPICIOUS_MOVE = YES;
				CLANG_WARN_UNGUARDED_AVAILABILITY = YES_AGGRESSIVE;
				CLANG_WARN_UNREACHABLE_CODE = YES;
				CLANG_WARN__DUPLICATE_METHOD_MATCH = YES;
				COPY_PHASE_STRIP = NO;
				DEBUG_INFORMATION_FORMAT = "dwarf-with-dsym";
				ENABLE_NS_ASSERTIONS = NO;
				ENABLE_STRICT_OBJC_MSGSEND = YES;
				GCC_C_LANGUAGE_STANDARD = gnu11;
				GCC_NO_COMMON_BLOCKS = YES;
				GCC_WARN_64_TO_32_BIT_CONVERSION = YES;
				GCC_WARN_ABOUT_RETURN_TYPE = YES_ERROR;
				GCC_WARN_UNDECLARED_SELECTOR = YES;
				GCC_WARN_UNINITIALIZED_AUTOS = YES_AGGRESSIVE;
				GCC_WARN_UNUSED_FUNCTION = YES;
				GCC_WARN_UNUSED_VARIABLE = YES;
				IPHONEOS_DEPLOYMENT_TARGET = 16.2;
				MTL_ENABLE_DEBUG_INFO = NO;
				MTL_FAST_MATH = YES;
				SDKROOT = iphoneos;
				SWIFT_COMPILATION_MODE = wholemodule;
				SWIFT_OPTIMIZATION_LEVEL = "-O";
				VALIDATE_PRODUCT = YES;
			};
			name = Release;
		};
		1E627BC32A25779A00646FDA /* Debug */ = {
			isa = XCBuildConfiguration;
			baseConfigurationReference = 587F15E1DD307D9966535F1D /* Pods-MovieApp.debug.xcconfig */;
			buildSettings = {
				ASSETCATALOG_COMPILER_APPICON_NAME = AppIcon;
				ASSETCATALOG_COMPILER_GLOBAL_ACCENT_COLOR_NAME = AccentColor;
				CODE_SIGN_STYLE = Automatic;
				CURRENT_PROJECT_VERSION = 1;
				GENERATE_INFOPLIST_FILE = YES;
				INFOPLIST_FILE = MovieApp/Info.plist;
				INFOPLIST_KEY_UIApplicationSupportsIndirectInputEvents = YES;
				INFOPLIST_KEY_UILaunchStoryboardName = LaunchScreen;
				INFOPLIST_KEY_UISupportedInterfaceOrientations_iPad = "UIInterfaceOrientationPortrait UIInterfaceOrientationPortraitUpsideDown UIInterfaceOrientationLandscapeLeft UIInterfaceOrientationLandscapeRight";
				INFOPLIST_KEY_UISupportedInterfaceOrientations_iPhone = "UIInterfaceOrientationPortrait UIInterfaceOrientationLandscapeLeft UIInterfaceOrientationLandscapeRight";
				LD_RUNPATH_SEARCH_PATHS = (
					"$(inherited)",
					"@executable_path/Frameworks",
				);
				MARKETING_VERSION = 1.0;
				PRODUCT_BUNDLE_IDENTIFIER = ihanCarlos.MovieApp;
				PRODUCT_NAME = "$(TARGET_NAME)";
				SUPPORTED_PLATFORMS = "iphoneos iphonesimulator";
				SUPPORTS_MACCATALYST = NO;
				SUPPORTS_MAC_DESIGNED_FOR_IPHONE_IPAD = NO;
				SWIFT_EMIT_LOC_STRINGS = YES;
				SWIFT_VERSION = 5.0;
				TARGETED_DEVICE_FAMILY = 1;
			};
			name = Debug;
		};
		1E627BC42A25779A00646FDA /* Release */ = {
			isa = XCBuildConfiguration;
			baseConfigurationReference = C3B7B3E14D3D8733F8DF24DD /* Pods-MovieApp.release.xcconfig */;
			buildSettings = {
				ASSETCATALOG_COMPILER_APPICON_NAME = AppIcon;
				ASSETCATALOG_COMPILER_GLOBAL_ACCENT_COLOR_NAME = AccentColor;
				CODE_SIGN_STYLE = Automatic;
				CURRENT_PROJECT_VERSION = 1;
				GENERATE_INFOPLIST_FILE = YES;
				INFOPLIST_FILE = MovieApp/Info.plist;
				INFOPLIST_KEY_UIApplicationSupportsIndirectInputEvents = YES;
				INFOPLIST_KEY_UILaunchStoryboardName = LaunchScreen;
				INFOPLIST_KEY_UISupportedInterfaceOrientations_iPad = "UIInterfaceOrientationPortrait UIInterfaceOrientationPortraitUpsideDown UIInterfaceOrientationLandscapeLeft UIInterfaceOrientationLandscapeRight";
				INFOPLIST_KEY_UISupportedInterfaceOrientations_iPhone = "UIInterfaceOrientationPortrait UIInterfaceOrientationLandscapeLeft UIInterfaceOrientationLandscapeRight";
				LD_RUNPATH_SEARCH_PATHS = (
					"$(inherited)",
					"@executable_path/Frameworks",
				);
				MARKETING_VERSION = 1.0;
				PRODUCT_BUNDLE_IDENTIFIER = ihanCarlos.MovieApp;
				PRODUCT_NAME = "$(TARGET_NAME)";
				SUPPORTED_PLATFORMS = "iphoneos iphonesimulator";
				SUPPORTS_MACCATALYST = NO;
				SUPPORTS_MAC_DESIGNED_FOR_IPHONE_IPAD = NO;
				SWIFT_EMIT_LOC_STRINGS = YES;
				SWIFT_VERSION = 5.0;
				TARGETED_DEVICE_FAMILY = 1;
			};
			name = Release;
		};
/* End XCBuildConfiguration section */

/* Begin XCConfigurationList section */
		1E627BA92A25778F00646FDA /* Build configuration list for PBXProject "MovieApp" */ = {
			isa = XCConfigurationList;
			buildConfigurations = (
				1E627BC02A25779A00646FDA /* Debug */,
				1E627BC12A25779A00646FDA /* Release */,
			);
			defaultConfigurationIsVisible = 0;
			defaultConfigurationName = Release;
		};
		1E627BC22A25779A00646FDA /* Build configuration list for PBXNativeTarget "MovieApp" */ = {
			isa = XCConfigurationList;
			buildConfigurations = (
				1E627BC32A25779A00646FDA /* Debug */,
				1E627BC42A25779A00646FDA /* Release */,
			);
			defaultConfigurationIsVisible = 0;
			defaultConfigurationName = Release;
		};
/* End XCConfigurationList section */
	};
	rootObject = 1E627BA62A25778F00646FDA /* Project object */;
}
